
Microsoft Visual Studio Solution File, Format Version 11.00
# Visual Studio 2010
Project("{FAE04EC0-301F-11D3-BF4B-00C04F79EFBC}") = "IOC", "IOC\IOC.csproj", "{27711D06-BA9B-4B1F-B819-AC965A885464}"
EndProject
Project("{FAE04EC0-301F-11D3-BF4B-00C04F79EFBC}") = "Stage1", "Stage1\Stage1.csproj", "{20469F5F-6B94-4A2B-9DF7-18E8F054C387}"
EndProject
Project("{FAE04EC0-301F-11D3-BF4B-00C04F79EFBC}") = "Stage2", "Stage2\Stage2.csproj", "{721806FA-0FC3-44AA-934C-EF5E942F5A0D}"
EndProject
Project("{FAE04EC0-301F-11D3-BF4B-00C04F79EFBC}") = "Stage3", "Stage3\Stage3.csproj", "{1D77EFE3-C759-4102-AD24-21BBA8A00CC9}"
EndProject
Project("{FAE04EC0-301F-11D3-BF4B-00C04F79EFBC}") = "Stage4", "Stage4\Stage4.csproj", "{A834D8CD-D41D-480E-81EB-3D961B0F1921}"
EndProject
Project("{FAE04EC0-301F-11D3-BF4B-00C04F79EFBC}") = "Stage5", "Stage5\Stage5.csproj", "{4266213F-FBAF-4EAE-8294-DC76C6D8968C}"
EndProject
Project("{FAE04EC0-301F-11D3-BF4B-00C04F79EFBC}") = "UnityExample", "UnityExample\UnityExample.csproj", "{878A3099-FACE-46BA-A893-40AF81CD836A}"
EndProject
Global
	GlobalSection(SolutionConfigurationPlatforms) = preSolution
		Debug|Any CPU = Debug|Any CPU
		Debug|Mixed Platforms = Debug|Mixed Platforms
		Debug|x86 = Debug|x86
		Release|Any CPU = Release|Any CPU
		Release|Mixed Platforms = Release|Mixed Platforms
		Release|x86 = Release|x86
	EndGlobalSection
	GlobalSection(ProjectConfigurationPlatforms) = postSolution
		{27711D06-BA9B-4B1F-B819-AC965A885464}.Debug|Any CPU.ActiveCfg = Debug|x86
		{27711D06-BA9B-4B1F-B819-AC965A885464}.Debug|Mixed Platforms.ActiveCfg = Debug|x86
		{27711D06-BA9B-4B1F-B819-AC965A885464}.Debug|Mixed Platforms.Build.0 = Debug|x86
		{27711D06-BA9B-4B1F-B819-AC965A885464}.Debug|x86.ActiveCfg = Debug|x86
		{27711D06-BA9B-4B1F-B819-AC965A885464}.Debug|x86.Build.0 = Debug|x86
		{27711D06-BA9B-4B1F-B819-AC965A885464}.Release|Any CPU.ActiveCfg = Release|x86
		{27711D06-BA9B-4B1F-B819-AC965A885464}.Release|Mixed Platforms.ActiveCfg = Release|x86
		{27711D06-BA9B-4B1F-B819-AC965A885464}.Release|Mixed Platforms.Build.0 = Release|x86
		{27711D06-BA9B-4B1F-B819-AC965A885464}.Release|x86.ActiveCfg = Release|x86
		{27711D06-BA9B-4B1F-B819-AC965A885464}.Release|x86.Build.0 = Release|x86
		{20469F5F-6B94-4A2B-9DF7-18E8F054C387}.Debug|Any CPU.ActiveCfg = Debug|Any CPU
		{20469F5F-6B94-4A2B-9DF7-18E8F054C387}.Debug|Any CPU.Build.0 = Debug|Any CPU
		{20469F5F-6B94-4A2B-9DF7-18E8F054C387}.Debug|Mixed Platforms.ActiveCfg = Debug|Any CPU
		{20469F5F-6B94-4A2B-9DF7-18E8F054C387}.Debug|Mixed Platforms.Build.0 = Debug|Any CPU
		{20469F5F-6B94-4A2B-9DF7-18E8F054C387}.Debug|x86.ActiveCfg = Debug|Any CPU
		{20469F5F-6B94-4A2B-9DF7-18E8F054C387}.Release|Any CPU.ActiveCfg = Release|Any CPU
		{20469F5F-6B94-4A2B-9DF7-18E8F054C387}.Release|Any CPU.Build.0 = Release|Any CPU
		{20469F5F-6B94-4A2B-9DF7-18E8F054C387}.Release|Mixed Platforms.ActiveCfg = Release|Any CPU
		{20469F5F-6B94-4A2B-9DF7-18E8F054C387}.Release|Mixed Platforms.Build.0 = Release|Any CPU
		{20469F5F-6B94-4A2B-9DF7-18E8F054C387}.Release|x86.ActiveCfg = Release|Any CPU
		{721806FA-0FC3-44AA-934C-EF5E942F5A0D}.Debug|Any CPU.ActiveCfg = Debug|Any CPU
		{721806FA-0FC3-44AA-934C-EF5E942F5A0D}.Debug|Any CPU.Build.0 = Debug|Any CPU
		{721806FA-0FC3-44AA-934C-EF5E942F5A0D}.Debug|Mixed Platforms.ActiveCfg = Debug|Any CPU
		{721806FA-0FC3-44AA-934C-EF5E942F5A0D}.Debug|Mixed Platforms.Build.0 = Debug|Any CPU
		{721806FA-0FC3-44AA-934C-EF5E942F5A0D}.Debug|x86.ActiveCfg = Debug|Any CPU
		{721806FA-0FC3-44AA-934C-EF5E942F5A0D}.Release|Any CPU.ActiveCfg = Release|Any CPU
		{721806FA-0FC3-44AA-934C-EF5E942F5A0D}.Release|Any CPU.Build.0 = Release|Any CPU
		{721806FA-0FC3-44AA-934C-EF5E942F5A0D}.Release|Mixed Platforms.ActiveCfg = Release|Any CPU
		{721806FA-0FC3-44AA-934C-EF5E942F5A0D}.Release|Mixed Platforms.Build.0 = Release|Any CPU
		{721806FA-0FC3-44AA-934C-EF5E942F5A0D}.Release|x86.ActiveCfg = Release|Any CPU
		{1D77EFE3-C759-4102-AD24-21BBA8A00CC9}.Debug|Any CPU.ActiveCfg = Debug|Any CPU
		{1D77EFE3-C759-4102-AD24-21BBA8A00CC9}.Debug|Any CPU.Build.0 = Debug|Any CPU
		{1D77EFE3-C759-4102-AD24-21BBA8A00CC9}.Debug|Mixed Platforms.ActiveCfg = Debug|Any CPU
		{1D77EFE3-C759-4102-AD24-21BBA8A00CC9}.Debug|Mixed Platforms.Build.0 = Debug|Any CPU
		{1D77EFE3-C759-4102-AD24-21BBA8A00CC9}.Debug|x86.ActiveCfg = Debug|Any CPU
		{1D77EFE3-C759-4102-AD24-21BBA8A00CC9}.Release|Any CPU.ActiveCfg = Release|Any CPU
		{1D77EFE3-C759-4102-AD24-21BBA8A00CC9}.Release|Any CPU.Build.0 = Release|Any CPU
		{1D77EFE3-C759-4102-AD24-21BBA8A00CC9}.Release|Mixed Platforms.ActiveCfg = Release|Any CPU
		{1D77EFE3-C759-4102-AD24-21BBA8A00CC9}.Release|Mixed Platforms.Build.0 = Release|Any CPU
		{1D77EFE3-C759-4102-AD24-21BBA8A00CC9}.Release|x86.ActiveCfg = Release|Any CPU
		{A834D8CD-D41D-480E-81EB-3D961B0F1921}.Debug|Any CPU.ActiveCfg = Debug|Any CPU
		{A834D8CD-D41D-480E-81EB-3D961B0F1921}.Debug|Any CPU.Build.0 = Debug|Any CPU
		{A834D8CD-D41D-480E-81EB-3D961B0F1921}.Debug|Mixed Platforms.ActiveCfg = Debug|Any CPU
		{A834D8CD-D41D-480E-81EB-3D961B0F1921}.Debug|Mixed Platforms.Build.0 = Debug|Any CPU
		{A834D8CD-D41D-480E-81EB-3D961B0F1921}.Debug|x86.ActiveCfg = Debug|Any CPU
		{A834D8CD-D41D-480E-81EB-3D961B0F1921}.Release|Any CPU.ActiveCfg = Release|Any CPU
		{A834D8CD-D41D-480E-81EB-3D961B0F1921}.Release|Any CPU.Build.0 = Release|Any CPU
		{A834D8CD-D41D-480E-81EB-3D961B0F1921}.Release|Mixed Platforms.ActiveCfg = Release|Any CPU
		{A834D8CD-D41D-480E-81EB-3D961B0F1921}.Release|Mixed Platforms.Build.0 = Release|Any CPU
		{A834D8CD-D41D-480E-81EB-3D961B0F1921}.Release|x86.ActiveCfg = Release|Any CPU
		{4266213F-FBAF-4EAE-8294-DC76C6D8968C}.Debug|Any CPU.ActiveCfg = Debug|Any CPU
		{4266213F-FBAF-4EAE-8294-DC76C6D8968C}.Debug|Any CPU.Build.0 = Debug|Any CPU
		{4266213F-FBAF-4EAE-8294-DC76C6D8968C}.Debug|Mixed Platforms.ActiveCfg = Debug|Any CPU
		{4266213F-FBAF-4EAE-8294-DC76C6D8968C}.Debug|Mixed Platforms.Build.0 = Debug|Any CPU
		{4266213F-FBAF-4EAE-8294-DC76C6D8968C}.Debug|x86.ActiveCfg = Debug|Any CPU
		{4266213F-FBAF-4EAE-8294-DC76C6D8968C}.Release|Any CPU.ActiveCfg = Release|Any CPU
		{4266213F-FBAF-4EAE-8294-DC76C6D8968C}.Release|Any CPU.Build.0 = Release|Any CPU
		{4266213F-FBAF-4EAE-8294-DC76C6D8968C}.Release|Mixed Platforms.ActiveCfg = Release|Any CPU
		{4266213F-FBAF-4EAE-8294-DC76C6D8968C}.Release|Mixed Platforms.Build.0 = Release|Any CPU
		{4266213F-FBAF-4EAE-8294-DC76C6D8968C}.Release|x86.ActiveCfg = Release|Any CPU
		{878A3099-FACE-46BA-A893-40AF81CD836A}.Debug|Any CPU.ActiveCfg = Debug|Any CPU
		{878A3099-FACE-46BA-A893-40AF81CD836A}.Debug|Any CPU.Build.0 = Debug|Any CPU
		{878A3099-FACE-46BA-A893-40AF81CD836A}.Debug|Mixed Platforms.ActiveCfg = Debug|Any CPU
		{878A3099-FACE-46BA-A893-40AF81CD836A}.Debug|Mixed Platforms.Build.0 = Debug|Any CPU
		{878A3099-FACE-46BA-A893-40AF81CD836A}.Debug|x86.ActiveCfg = Debug|Any CPU
		{878A3099-FACE-46BA-A893-40AF81CD836A}.Release|Any CPU.ActiveCfg = Release|Any CPU
		{878A3099-FACE-46BA-A893-40AF81CD836A}.Release|Any CPU.Build.0 = Release|Any CPU
		{878A3099-FACE-46BA-A893-40AF81CD836A}.Release|Mixed Platforms.ActiveCfg = Release|Any CPU
		{878A3099-FACE-46BA-A893-40AF81CD836A}.Release|Mixed Platforms.Build.0 = Release|Any CPU
		{878A3099-FACE-46BA-A893-40AF81CD836A}.Release|x86.ActiveCfg = Release|Any CPU
	EndGlobalSection
	GlobalSection(SolutionProperties) = preSolution
		HideSolutionNode = FALSE
	EndGlobalSection
EndGlobal
